
Microsoft Visual Studio Solution File, Format Version 11.00
# Visual Studio 2010
Project("{FAE04EC0-301F-11D3-BF4B-00C04F79EFBC}") = "DevelopmentUnity", "Assembly-CSharp.csproj", "{A235A8B0-40C3-9A14-FD21-118D2D46B326}"
EndProject
Project("{FAE04EC0-301F-11D3-BF4B-00C04F79EFBC}") = "DevelopmentUnity", "Assembly-CSharp-Editor.csproj", "{C7528683-A3E0-423A-B1E0-80E325178A4A}"
EndProject
Global
	GlobalSection(SolutionConfigurationPlatforms) = preSolution
		Debug|Any CPU = Debug|Any CPU
		Release|Any CPU = Release|Any CPU
	EndGlobalSection
	GlobalSection(ProjectConfigurationPlatforms) = postSolution
		{A235A8B0-40C3-9A14-FD21-118D2D46B326}.Debug|Any CPU.ActiveCfg = Debug|Any CPU
		{A235A8B0-40C3-9A14-FD21-118D2D46B326}.Debug|Any CPU.Build.0 = Debug|Any CPU
		{A235A8B0-40C3-9A14-FD21-118D2D46B326}.Release|Any CPU.ActiveCfg = Release|Any CPU
		{A235A8B0-40C3-9A14-FD21-118D2D46B326}.Release|Any CPU.Build.0 = Release|Any CPU
		{C7528683-A3E0-423A-B1E0-80E325178A4A}.Debug|Any CPU.ActiveCfg = Debug|Any CPU
		{C7528683-A3E0-423A-B1E0-80E325178A4A}.Debug|Any CPU.Build.0 = Debug|Any CPU
		{C7528683-A3E0-423A-B1E0-80E325178A4A}.Release|Any CPU.ActiveCfg = Release|Any CPU
		{C7528683-A3E0-423A-B1E0-80E325178A4A}.Release|Any CPU.Build.0 = Release|Any CPU
	EndGlobalSection
	GlobalSection(SolutionProperties) = preSolution
		HideSolutionNode = FALSE
	EndGlobalSection
	GlobalSection(MonoDevelopProperties) = preSolution
		StartupItem = Assembly-CSharp.csproj
	EndGlobalSection
EndGlobal
